
Microsoft Visual Studio Solution File, Format Version 12.00
# Visual Studio Version 16
VisualStudioVersion = 16.0.31424.327
MinimumVisualStudioVersion = 10.0.40219.1
Project("{8BC9CEB8-8B4A-11D0-8D11-00A0C91BC942}") = "Pointers", "Pointers\Pointers.vcxproj", "{13E6EADC-4F00-41B7-9B96-71649985C011}"
EndProject
Project("{8BC9CEB8-8B4A-11D0-8D11-00A0C91BC942}") = "Parameters", "Parameters\Parameters.vcxproj", "{5FF582FA-0079-4887-83F2-C16C5EAFDEFB}"
EndProject
Project("{8BC9CEB8-8B4A-11D0-8D11-00A0C91BC942}") = "References", "References\References.vcxproj", "{7EFCBD16-6748-45FC-8939-5F258636E228}"
EndProject
Project("{8BC9CEB8-8B4A-11D0-8D11-00A0C91BC942}") = "DynamicArrays", "DynamicArrays\DynamicArrays.vcxproj", "{1FD7133E-C3F6-45D5-ACEE-AB2973B8DE0D}"
EndProject
Project("{8BC9CEB8-8B4A-11D0-8D11-00A0C91BC942}") = "HW_even_odd", "HW_even_odd\HW_even_odd.vcxproj", "{A92B7C03-0323-4E17-A7E5-932B84D65498}"
EndProject
Project("{8BC9CEB8-8B4A-11D0-8D11-00A0C91BC942}") = "EvenOdd_functions", "EvenOdd_functions\EvenOdd_functions.vcxproj", "{D638CD50-E1B3-478B-9EEB-4C54F9C7DE10}"
EndProject
Project("{8BC9CEB8-8B4A-11D0-8D11-00A0C91BC942}") = "DynamicArraysTemplated", "DynamicArraysTemplated\DynamicArraysTemplated.vcxproj", "{8893FFC2-A095-4AE7-BBC5-5B4C6988C798}"
EndProject
Project("{8BC9CEB8-8B4A-11D0-8D11-00A0C91BC942}") = "Optimization", "Optimization\Optimization.vcxproj", "{18E5C0EB-A82B-46A4-BEC0-966DF65612D1}"
EndProject
Project("{8BC9CEB8-8B4A-11D0-8D11-00A0C91BC942}") = "StaticLibrary", "StaticLibrary\StaticLibrary.vcxproj", "{D16BBA06-6EF8-4C18-B96C-624F8969EFF3}"
EndProject
Project("{8BC9CEB8-8B4A-11D0-8D11-00A0C91BC942}") = "ArrayAndMemoryCheck", "ArrayAndMemoryCheck\ArrayAndMemoryCheck.vcxproj", "{194B5002-5EBF-4A8E-8640-B46995A5B21A}"
EndProject
Global
	GlobalSection(SolutionConfigurationPlatforms) = preSolution
		Debug|x64 = Debug|x64
		Debug|x86 = Debug|x86
		Release|x64 = Release|x64
		Release|x86 = Release|x86
	EndGlobalSection
	GlobalSection(ProjectConfigurationPlatforms) = postSolution
		{13E6EADC-4F00-41B7-9B96-71649985C011}.Debug|x64.ActiveCfg = Debug|x64
		{13E6EADC-4F00-41B7-9B96-71649985C011}.Debug|x64.Build.0 = Debug|x64
		{13E6EADC-4F00-41B7-9B96-71649985C011}.Debug|x86.ActiveCfg = Debug|Win32
		{13E6EADC-4F00-41B7-9B96-71649985C011}.Debug|x86.Build.0 = Debug|Win32
		{13E6EADC-4F00-41B7-9B96-71649985C011}.Release|x64.ActiveCfg = Release|x64
		{13E6EADC-4F00-41B7-9B96-71649985C011}.Release|x64.Build.0 = Release|x64
		{13E6EADC-4F00-41B7-9B96-71649985C011}.Release|x86.ActiveCfg = Release|Win32
		{13E6EADC-4F00-41B7-9B96-71649985C011}.Release|x86.Build.0 = Release|Win32
		{5FF582FA-0079-4887-83F2-C16C5EAFDEFB}.Debug|x64.ActiveCfg = Debug|x64
		{5FF582FA-0079-4887-83F2-C16C5EAFDEFB}.Debug|x64.Build.0 = Debug|x64
		{5FF582FA-0079-4887-83F2-C16C5EAFDEFB}.Debug|x86.ActiveCfg = Debug|Win32
		{5FF582FA-0079-4887-83F2-C16C5EAFDEFB}.Debug|x86.Build.0 = Debug|Win32
		{5FF582FA-0079-4887-83F2-C16C5EAFDEFB}.Release|x64.ActiveCfg = Release|x64
		{5FF582FA-0079-4887-83F2-C16C5EAFDEFB}.Release|x64.Build.0 = Release|x64
		{5FF582FA-0079-4887-83F2-C16C5EAFDEFB}.Release|x86.ActiveCfg = Release|Win32
		{5FF582FA-0079-4887-83F2-C16C5EAFDEFB}.Release|x86.Build.0 = Release|Win32
		{7EFCBD16-6748-45FC-8939-5F258636E228}.Debug|x64.ActiveCfg = Debug|x64
		{7EFCBD16-6748-45FC-8939-5F258636E228}.Debug|x64.Build.0 = Debug|x64
		{7EFCBD16-6748-45FC-8939-5F258636E228}.Debug|x86.ActiveCfg = Debug|Win32
		{7EFCBD16-6748-45FC-8939-5F258636E228}.Debug|x86.Build.0 = Debug|Win32
		{7EFCBD16-6748-45FC-8939-5F258636E228}.Release|x64.ActiveCfg = Release|x64
		{7EFCBD16-6748-45FC-8939-5F258636E228}.Release|x64.Build.0 = Release|x64
		{7EFCBD16-6748-45FC-8939-5F258636E228}.Release|x86.ActiveCfg = Release|Win32
		{7EFCBD16-6748-45FC-8939-5F258636E228}.Release|x86.Build.0 = Release|Win32
		{1FD7133E-C3F6-45D5-ACEE-AB2973B8DE0D}.Debug|x64.ActiveCfg = Debug|x64
		{1FD7133E-C3F6-45D5-ACEE-AB2973B8DE0D}.Debug|x64.Build.0 = Debug|x64
		{1FD7133E-C3F6-45D5-ACEE-AB2973B8DE0D}.Debug|x86.ActiveCfg = Debug|Win32
		{1FD7133E-C3F6-45D5-ACEE-AB2973B8DE0D}.Debug|x86.Build.0 = Debug|Win32
		{1FD7133E-C3F6-45D5-ACEE-AB2973B8DE0D}.Release|x64.ActiveCfg = Release|x64
		{1FD7133E-C3F6-45D5-ACEE-AB2973B8DE0D}.Release|x64.Build.0 = Release|x64
		{1FD7133E-C3F6-45D5-ACEE-AB2973B8DE0D}.Release|x86.ActiveCfg = Release|Win32
		{1FD7133E-C3F6-45D5-ACEE-AB2973B8DE0D}.Release|x86.Build.0 = Release|Win32
		{A92B7C03-0323-4E17-A7E5-932B84D65498}.Debug|x64.ActiveCfg = Debug|x64
		{A92B7C03-0323-4E17-A7E5-932B84D65498}.Debug|x64.Build.0 = Debug|x64
		{A92B7C03-0323-4E17-A7E5-932B84D65498}.Debug|x86.ActiveCfg = Debug|Win32
		{A92B7C03-0323-4E17-A7E5-932B84D65498}.Debug|x86.Build.0 = Debug|Win32
		{A92B7C03-0323-4E17-A7E5-932B84D65498}.Release|x64.ActiveCfg = Release|x64
		{A92B7C03-0323-4E17-A7E5-932B84D65498}.Release|x64.Build.0 = Release|x64
		{A92B7C03-0323-4E17-A7E5-932B84D65498}.Release|x86.ActiveCfg = Release|Win32
		{A92B7C03-0323-4E17-A7E5-932B84D65498}.Release|x86.Build.0 = Release|Win32
		{D638CD50-E1B3-478B-9EEB-4C54F9C7DE10}.Debug|x64.ActiveCfg = Debug|x64
		{D638CD50-E1B3-478B-9EEB-4C54F9C7DE10}.Debug|x64.Build.0 = Debug|x64
		{D638CD50-E1B3-478B-9EEB-4C54F9C7DE10}.Debug|x86.ActiveCfg = Debug|Win32
		{D638CD50-E1B3-478B-9EEB-4C54F9C7DE10}.Debug|x86.Build.0 = Debug|Win32
		{D638CD50-E1B3-478B-9EEB-4C54F9C7DE10}.Release|x64.ActiveCfg = Release|x64
		{D638CD50-E1B3-478B-9EEB-4C54F9C7DE10}.Release|x64.Build.0 = Release|x64
		{D638CD50-E1B3-478B-9EEB-4C54F9C7DE10}.Release|x86.ActiveCfg = Release|Win32
		{D638CD50-E1B3-478B-9EEB-4C54F9C7DE10}.Release|x86.Build.0 = Release|Win32
		{8893FFC2-A095-4AE7-BBC5-5B4C6988C798}.Debug|x64.ActiveCfg = Debug|x64
		{8893FFC2-A095-4AE7-BBC5-5B4C6988C798}.Debug|x64.Build.0 = Debug|x64
		{8893FFC2-A095-4AE7-BBC5-5B4C6988C798}.Debug|x86.ActiveCfg = Debug|Win32
		{8893FFC2-A095-4AE7-BBC5-5B4C6988C798}.Debug|x86.Build.0 = Debug|Win32
		{8893FFC2-A095-4AE7-BBC5-5B4C6988C798}.Release|x64.ActiveCfg = Release|x64
		{8893FFC2-A095-4AE7-BBC5-5B4C6988C798}.Release|x64.Build.0 = Release|x64
		{8893FFC2-A095-4AE7-BBC5-5B4C6988C798}.Release|x86.ActiveCfg = Release|Win32
		{8893FFC2-A095-4AE7-BBC5-5B4C6988C798}.Release|x86.Build.0 = Release|Win32
		{18E5C0EB-A82B-46A4-BEC0-966DF65612D1}.Debug|x64.ActiveCfg = Debug|x64
		{18E5C0EB-A82B-46A4-BEC0-966DF65612D1}.Debug|x64.Build.0 = Debug|x64
		{18E5C0EB-A82B-46A4-BEC0-966DF65612D1}.Debug|x86.ActiveCfg = Debug|Win32
		{18E5C0EB-A82B-46A4-BEC0-966DF65612D1}.Debug|x86.Build.0 = Debug|Win32
		{18E5C0EB-A82B-46A4-BEC0-966DF65612D1}.Release|x64.ActiveCfg = Release|x64
		{18E5C0EB-A82B-46A4-BEC0-966DF65612D1}.Release|x64.Build.0 = Release|x64
		{18E5C0EB-A82B-46A4-BEC0-966DF65612D1}.Release|x86.ActiveCfg = Release|Win32
		{18E5C0EB-A82B-46A4-BEC0-966DF65612D1}.Release|x86.Build.0 = Release|Win32
		{D16BBA06-6EF8-4C18-B96C-624F8969EFF3}.Debug|x64.ActiveCfg = Debug|x64
		{D16BBA06-6EF8-4C18-B96C-624F8969EFF3}.Debug|x64.Build.0 = Debug|x64
		{D16BBA06-6EF8-4C18-B96C-624F8969EFF3}.Debug|x86.ActiveCfg = Debug|Win32
		{D16BBA06-6EF8-4C18-B96C-624F8969EFF3}.Debug|x86.Build.0 = Debug|Win32
		{D16BBA06-6EF8-4C18-B96C-624F8969EFF3}.Release|x64.ActiveCfg = Release|x64
		{D16BBA06-6EF8-4C18-B96C-624F8969EFF3}.Release|x64.Build.0 = Release|x64
		{D16BBA06-6EF8-4C18-B96C-624F8969EFF3}.Release|x86.ActiveCfg = Release|Win32
		{D16BBA06-6EF8-4C18-B96C-624F8969EFF3}.Release|x86.Build.0 = Release|Win32
		{194B5002-5EBF-4A8E-8640-B46995A5B21A}.Debug|x64.ActiveCfg = Debug|x64
		{194B5002-5EBF-4A8E-8640-B46995A5B21A}.Debug|x64.Build.0 = Debug|x64
		{194B5002-5EBF-4A8E-8640-B46995A5B21A}.Debug|x86.ActiveCfg = Debug|Win32
		{194B5002-5EBF-4A8E-8640-B46995A5B21A}.Debug|x86.Build.0 = Debug|Win32
		{194B5002-5EBF-4A8E-8640-B46995A5B21A}.Release|x64.ActiveCfg = Release|x64
		{194B5002-5EBF-4A8E-8640-B46995A5B21A}.Release|x64.Build.0 = Release|x64
		{194B5002-5EBF-4A8E-8640-B46995A5B21A}.Release|x86.ActiveCfg = Release|Win32
		{194B5002-5EBF-4A8E-8640-B46995A5B21A}.Release|x86.Build.0 = Release|Win32
	EndGlobalSection
	GlobalSection(SolutionProperties) = preSolution
		HideSolutionNode = FALSE
	EndGlobalSection
	GlobalSection(ExtensibilityGlobals) = postSolution
		SolutionGuid = {272412B3-A270-4DB4-AB18-CE35C86B624E}
	EndGlobalSection
EndGlobal
